{
  "name": "typescript.in",
  "version": "1.0.0",
  "lockfileVersion": 3,
  "requires": true,
  "packages": {
    "": {
      "name": "typescript.in",
      "version": "1.0.0",
      "license": "ISC",
      "dependencies": {
        "module-name": "^0.0.1-security"
      }
    },
    "node_modules/module-name": {
      "version": "0.0.1-security",
      "resolved": "https://registry.npmjs.org/module-name/-/module-name-0.0.1-security.tgz",
      "integrity": "sha512-yuuTU5MhBuxtUPjTIqBz3AR2z3yrBr7yjPvpHbKLu5N3iWBRji2RnNAysonzft26mMUO+vA2tB3uiAqbZ6jXAQ=="
    }
  }
}
